
Microsoft Visual Studio Solution File, Format Version 12.00
# Visual Studio 14
VisualStudioVersion = 14.0.24720.0
MinimumVisualStudioVersion = 10.0.40219.1
Project("{8BC9CEB8-8B4A-11D0-8D11-00A0C91BC942}") = "ASSOCIATION_AGGREGATION_COMPOSITION", "ASSOCIATION_AGGREGATION_COMPOSITION\ASSOCIATION_AGGREGATION_COMPOSITION.vcxproj", "{46DE0233-87D5-4385-9618-1F76CC29DC5A}"
EndProject
Project("{8BC9CEB8-8B4A-11D0-8D11-00A0C91BC942}") = "CASTING", "CASTING\CASTING.vcxproj", "{C2080BCC-150C-4355-8A94-E5C586A5FC7B}"
EndProject
Project("{8BC9CEB8-8B4A-11D0-8D11-00A0C91BC942}") = "CLASS_VS_STRUCT", "CLASS_VS_STRUCT\CLASS_VS_STRUCT.vcxproj", "{2992EEC9-74D9-44DE-BB7A-5341A007F59D}"
EndProject
Project("{8BC9CEB8-8B4A-11D0-8D11-00A0C91BC942}") = "CLONE_FUNCTION", "CLONE_FUNCTION\CLONE_FUNCTION.vcxproj", "{CA339F4C-9E2E-4417-BDDA-4CB1C40E7B85}"
EndProject
Global
	GlobalSection(SolutionConfigurationPlatforms) = preSolution
		Debug|x64 = Debug|x64
		Debug|x86 = Debug|x86
		Release|x64 = Release|x64
		Release|x86 = Release|x86
	EndGlobalSection
	GlobalSection(ProjectConfigurationPlatforms) = postSolution
		{46DE0233-87D5-4385-9618-1F76CC29DC5A}.Debug|x64.ActiveCfg = Debug|x64
		{46DE0233-87D5-4385-9618-1F76CC29DC5A}.Debug|x64.Build.0 = Debug|x64
		{46DE0233-87D5-4385-9618-1F76CC29DC5A}.Debug|x86.ActiveCfg = Debug|Win32
		{46DE0233-87D5-4385-9618-1F76CC29DC5A}.Debug|x86.Build.0 = Debug|Win32
		{46DE0233-87D5-4385-9618-1F76CC29DC5A}.Release|x64.ActiveCfg = Release|x64
		{46DE0233-87D5-4385-9618-1F76CC29DC5A}.Release|x64.Build.0 = Release|x64
		{46DE0233-87D5-4385-9618-1F76CC29DC5A}.Release|x86.ActiveCfg = Release|Win32
		{46DE0233-87D5-4385-9618-1F76CC29DC5A}.Release|x86.Build.0 = Release|Win32
		{C2080BCC-150C-4355-8A94-E5C586A5FC7B}.Debug|x64.ActiveCfg = Debug|x64
		{C2080BCC-150C-4355-8A94-E5C586A5FC7B}.Debug|x64.Build.0 = Debug|x64
		{C2080BCC-150C-4355-8A94-E5C586A5FC7B}.Debug|x86.ActiveCfg = Debug|Win32
		{C2080BCC-150C-4355-8A94-E5C586A5FC7B}.Debug|x86.Build.0 = Debug|Win32
		{C2080BCC-150C-4355-8A94-E5C586A5FC7B}.Release|x64.ActiveCfg = Release|x64
		{C2080BCC-150C-4355-8A94-E5C586A5FC7B}.Release|x64.Build.0 = Release|x64
		{C2080BCC-150C-4355-8A94-E5C586A5FC7B}.Release|x86.ActiveCfg = Release|Win32
		{C2080BCC-150C-4355-8A94-E5C586A5FC7B}.Release|x86.Build.0 = Release|Win32
		{2992EEC9-74D9-44DE-BB7A-5341A007F59D}.Debug|x64.ActiveCfg = Debug|x64
		{2992EEC9-74D9-44DE-BB7A-5341A007F59D}.Debug|x64.Build.0 = Debug|x64
		{2992EEC9-74D9-44DE-BB7A-5341A007F59D}.Debug|x86.ActiveCfg = Debug|Win32
		{2992EEC9-74D9-44DE-BB7A-5341A007F59D}.Debug|x86.Build.0 = Debug|Win32
		{2992EEC9-74D9-44DE-BB7A-5341A007F59D}.Release|x64.ActiveCfg = Release|x64
		{2992EEC9-74D9-44DE-BB7A-5341A007F59D}.Release|x64.Build.0 = Release|x64
		{2992EEC9-74D9-44DE-BB7A-5341A007F59D}.Release|x86.ActiveCfg = Release|Win32
		{2992EEC9-74D9-44DE-BB7A-5341A007F59D}.Release|x86.Build.0 = Release|Win32
		{CA339F4C-9E2E-4417-BDDA-4CB1C40E7B85}.Debug|x64.ActiveCfg = Debug|x64
		{CA339F4C-9E2E-4417-BDDA-4CB1C40E7B85}.Debug|x64.Build.0 = Debug|x64
		{CA339F4C-9E2E-4417-BDDA-4CB1C40E7B85}.Debug|x86.ActiveCfg = Debug|Win32
		{CA339F4C-9E2E-4417-BDDA-4CB1C40E7B85}.Debug|x86.Build.0 = Debug|Win32
		{CA339F4C-9E2E-4417-BDDA-4CB1C40E7B85}.Release|x64.ActiveCfg = Release|x64
		{CA339F4C-9E2E-4417-BDDA-4CB1C40E7B85}.Release|x64.Build.0 = Release|x64
		{CA339F4C-9E2E-4417-BDDA-4CB1C40E7B85}.Release|x86.ActiveCfg = Release|Win32
		{CA339F4C-9E2E-4417-BDDA-4CB1C40E7B85}.Release|x86.Build.0 = Release|Win32
	EndGlobalSection
	GlobalSection(SolutionProperties) = preSolution
		HideSolutionNode = FALSE
	EndGlobalSection
EndGlobal
