
Microsoft Visual Studio Solution File, Format Version 12.00
# Visual Studio 14
VisualStudioVersion = 14.0.24720.0
MinimumVisualStudioVersion = 10.0.40219.1
Project("{FAE04EC0-301F-11D3-BF4B-00C04F79EFBC}") = "STUDY", "STUDY.csproj", "{25A09047-4684-429A-ABFD-AE118A4B088C}"
EndProject
Project("{FAE04EC0-301F-11D3-BF4B-00C04F79EFBC}") = "COVARIANCE_CONTRAVARIANCE_INVARIANCE", "..\COVARIANCE_CONTRAVARIANCE_INVARIANCE\COVARIANCE_CONTRAVARIANCE_INVARIANCE.csproj", "{D13E96BF-EF90-44EA-BD73-1BBDCA04DF1B}"
EndProject
Project("{FAE04EC0-301F-11D3-BF4B-00C04F79EFBC}") = "ARRAYS_COVARIANCE_PROBLEBLA_TIPAGEM", "ARRAYS_COVARIANCE_PROBLEBLA_TIPAGEM\ARRAYS_COVARIANCE_PROBLEBLA_TIPAGEM.csproj", "{8401DCE7-4B69-493B-85D6-1628FFDC2525}"
EndProject
Project("{FAE04EC0-301F-11D3-BF4B-00C04F79EFBC}") = "KEYWORD_OUT", "KEYWORDS_IN_AND_OUT\KEYWORD_OUT.csproj", "{BF32DBDF-9745-4829-A4CB-E33D4444EF29}"
EndProject
Project("{FAE04EC0-301F-11D3-BF4B-00C04F79EFBC}") = "KEYWORD_IN", "KEYWORD_IN\KEYWORD_IN.csproj", "{2E9C82C2-6180-4ADD-A0AB-3098BA4F570E}"
EndProject
Project("{FAE04EC0-301F-11D3-BF4B-00C04F79EFBC}") = "CovarianciaContravariancia_Pratica", "CovarianciaContravariancia_Pratica\CovarianciaContravariancia_Pratica.csproj", "{92DD458F-E0AF-409E-9B61-C44D16C0BF95}"
EndProject
Global
	GlobalSection(SolutionConfigurationPlatforms) = preSolution
		Debug|Any CPU = Debug|Any CPU
		Release|Any CPU = Release|Any CPU
	EndGlobalSection
	GlobalSection(ProjectConfigurationPlatforms) = postSolution
		{25A09047-4684-429A-ABFD-AE118A4B088C}.Debug|Any CPU.ActiveCfg = Debug|Any CPU
		{25A09047-4684-429A-ABFD-AE118A4B088C}.Debug|Any CPU.Build.0 = Debug|Any CPU
		{25A09047-4684-429A-ABFD-AE118A4B088C}.Release|Any CPU.ActiveCfg = Release|Any CPU
		{25A09047-4684-429A-ABFD-AE118A4B088C}.Release|Any CPU.Build.0 = Release|Any CPU
		{D13E96BF-EF90-44EA-BD73-1BBDCA04DF1B}.Debug|Any CPU.ActiveCfg = Debug|Any CPU
		{D13E96BF-EF90-44EA-BD73-1BBDCA04DF1B}.Debug|Any CPU.Build.0 = Debug|Any CPU
		{D13E96BF-EF90-44EA-BD73-1BBDCA04DF1B}.Release|Any CPU.ActiveCfg = Release|Any CPU
		{D13E96BF-EF90-44EA-BD73-1BBDCA04DF1B}.Release|Any CPU.Build.0 = Release|Any CPU
		{8401DCE7-4B69-493B-85D6-1628FFDC2525}.Debug|Any CPU.ActiveCfg = Debug|Any CPU
		{8401DCE7-4B69-493B-85D6-1628FFDC2525}.Debug|Any CPU.Build.0 = Debug|Any CPU
		{8401DCE7-4B69-493B-85D6-1628FFDC2525}.Release|Any CPU.ActiveCfg = Release|Any CPU
		{8401DCE7-4B69-493B-85D6-1628FFDC2525}.Release|Any CPU.Build.0 = Release|Any CPU
		{BF32DBDF-9745-4829-A4CB-E33D4444EF29}.Debug|Any CPU.ActiveCfg = Debug|Any CPU
		{BF32DBDF-9745-4829-A4CB-E33D4444EF29}.Debug|Any CPU.Build.0 = Debug|Any CPU
		{BF32DBDF-9745-4829-A4CB-E33D4444EF29}.Release|Any CPU.ActiveCfg = Release|Any CPU
		{BF32DBDF-9745-4829-A4CB-E33D4444EF29}.Release|Any CPU.Build.0 = Release|Any CPU
		{2E9C82C2-6180-4ADD-A0AB-3098BA4F570E}.Debug|Any CPU.ActiveCfg = Debug|Any CPU
		{2E9C82C2-6180-4ADD-A0AB-3098BA4F570E}.Debug|Any CPU.Build.0 = Debug|Any CPU
		{2E9C82C2-6180-4ADD-A0AB-3098BA4F570E}.Release|Any CPU.ActiveCfg = Release|Any CPU
		{2E9C82C2-6180-4ADD-A0AB-3098BA4F570E}.Release|Any CPU.Build.0 = Release|Any CPU
		{92DD458F-E0AF-409E-9B61-C44D16C0BF95}.Debug|Any CPU.ActiveCfg = Debug|Any CPU
		{92DD458F-E0AF-409E-9B61-C44D16C0BF95}.Debug|Any CPU.Build.0 = Debug|Any CPU
		{92DD458F-E0AF-409E-9B61-C44D16C0BF95}.Release|Any CPU.ActiveCfg = Release|Any CPU
		{92DD458F-E0AF-409E-9B61-C44D16C0BF95}.Release|Any CPU.Build.0 = Release|Any CPU
	EndGlobalSection
	GlobalSection(SolutionProperties) = preSolution
		HideSolutionNode = FALSE
	EndGlobalSection
EndGlobal
